
Microsoft Visual Studio Solution File, Format Version 12.00
# Visual Studio 15
VisualStudioVersion = 15.0.28307.421
MinimumVisualStudioVersion = 10.0.40219.1
Project("{FAE04EC0-301F-11D3-BF4B-00C04F79EFBC}") = "InventoryService", "InventoryService\InventoryService.csproj", "{92B8C8DF-EDC9-4725-88DA-12D962665706}"
EndProject
Global
	GlobalSection(SolutionConfigurationPlatforms) = preSolution
		Debug|Any CPU = Debug|Any CPU
		Release|Any CPU = Release|Any CPU
	EndGlobalSection
	GlobalSection(ProjectConfigurationPlatforms) = postSolution
		{92B8C8DF-EDC9-4725-88DA-12D962665706}.Debug|Any CPU.ActiveCfg = Debug|Any CPU
		{92B8C8DF-EDC9-4725-88DA-12D962665706}.Debug|Any CPU.Build.0 = Debug|Any CPU
		{92B8C8DF-EDC9-4725-88DA-12D962665706}.Release|Any CPU.ActiveCfg = Release|Any CPU
		{92B8C8DF-EDC9-4725-88DA-12D962665706}.Release|Any CPU.Build.0 = Release|Any CPU
	EndGlobalSection
	GlobalSection(SolutionProperties) = preSolution
		HideSolutionNode = FALSE
	EndGlobalSection
	GlobalSection(ExtensibilityGlobals) = postSolution
		SolutionGuid = {BE87C2F9-BCF3-41F9-B8AD-0723A9FFB66A}
	EndGlobalSection
EndGlobal
